
Microsoft Visual Studio Solution File, Format Version 12.00
# Visual Studio Version 17
VisualStudioVersion = 17.9.34616.47
MinimumVisualStudioVersion = 10.0.40219.1
Project("{FAE04EC0-301F-11D3-BF4B-00C04F79EFBC}") = "Boarding house Management", "Boarding house Management\Boarding house Management.csproj", "{B6A8585A-905A-4E00-AF42-27639F53F815}"
EndProject
Global
	GlobalSection(SolutionConfigurationPlatforms) = preSolution
		Debug|Any CPU = Debug|Any CPU
		Release|Any CPU = Release|Any CPU
	EndGlobalSection
	GlobalSection(ProjectConfigurationPlatforms) = postSolution
		{B6A8585A-905A-4E00-AF42-27639F53F815}.Debug|Any CPU.ActiveCfg = Debug|Any CPU
		{B6A8585A-905A-4E00-AF42-27639F53F815}.Debug|Any CPU.Build.0 = Debug|Any CPU
		{B6A8585A-905A-4E00-AF42-27639F53F815}.Release|Any CPU.ActiveCfg = Release|Any CPU
		{B6A8585A-905A-4E00-AF42-27639F53F815}.Release|Any CPU.Build.0 = Release|Any CPU
	EndGlobalSection
	GlobalSection(SolutionProperties) = preSolution
		HideSolutionNode = FALSE
	EndGlobalSection
	GlobalSection(ExtensibilityGlobals) = postSolution
		SolutionGuid = {F3CD3F6A-B1EB-4596-99AF-DD5361439A0B}
	EndGlobalSection
EndGlobal
